// !$*UTF8*$!
{
	archiveVersion = 1;
	classes = {
	};
	objectVersion = 77;
	objects = {

/* Begin PBXBuildFile section */
		B7E1B5612DBB49770068FEFC /* CollectionGroupItem.swift in Sources */ = {isa = PBXBuildFile; fileRef = B7E1B54C2DBB49770068FEFC /* CollectionGroupItem.swift */; };
		B7E1B5622DBB49770068FEFC /* CollectionGroupItemView.swift in Sources */ = {isa = PBXBuildFile; fileRef = B7E1B54D2DBB49770068FEFC /* CollectionGroupItemView.swift */; };
		B7E1B5632DBB49770068FEFC /* CollectionGroupsSectionView.swift in Sources */ = {isa = PBXBuildFile; fileRef = B7E1B54E2DBB49770068FEFC /* CollectionGroupsSectionView.swift */; };
		B7E1B5642DBB49770068FEFC /* ThirdCategoryItem.swift in Sources */ = {isa = PBXBuildFile; fileRef = B7E1B5502DBB49770068FEFC /* ThirdCategoryItem.swift */; };
		B7E1B5652DBB49770068FEFC /* ThirdCategoryItemView.swift in Sources */ = {isa = PBXBuildFile; fileRef = B7E1B5512DBB49770068FEFC /* ThirdCategoryItemView.swift */; };
		B7E1B5662DBB49770068FEFC /* AnimationRange.swift in Sources */ = {isa = PBXBuildFile; fileRef = B7E1B5522DBB49770068FEFC /* AnimationRange.swift */; };
		B7E1B5672DBB49770068FEFC /* ThirdCategorySectionView.swift in Sources */ = {isa = PBXBuildFile; fileRef = B7E1B5532DBB49770068FEFC /* ThirdCategorySectionView.swift */; };
		B7E1B5682DBB49770068FEFC /* CALayerExtension.swift in Sources */ = {isa = PBXBuildFile; fileRef = B7E1B5552DBB49770068FEFC /* CALayerExtension.swift */; };
		B7E1B5692DBB49770068FEFC /* AppDelegate.swift in Sources */ = {isa = PBXBuildFile; fileRef = B7E1B5572DBB49770068FEFC /* AppDelegate.swift */; };
		B7E1B56A2DBB49770068FEFC /* SceneDelegate.swift in Sources */ = {isa = PBXBuildFile; fileRef = B7E1B55E2DBB49770068FEFC /* SceneDelegate.swift */; };
		B7E1B56B2DBB49770068FEFC /* ViewController.swift in Sources */ = {isa = PBXBuildFile; fileRef = B7E1B55F2DBB49770068FEFC /* ViewController.swift */; };
		B7E1B56C2DBB49770068FEFC /* Assets.xcassets in Resources */ = {isa = PBXBuildFile; fileRef = B7E1B5582DBB49770068FEFC /* Assets.xcassets */; };
		B7E1B56E2DBB49770068FEFC /* LaunchScreen.storyboard in Resources */ = {isa = PBXBuildFile; fileRef = B7E1B55B2DBB49770068FEFC /* LaunchScreen.storyboard */; };
		B7E1B56F2DBB49770068FEFC /* Main.storyboard in Resources */ = {isa = PBXBuildFile; fileRef = B7E1B55D2DBB49770068FEFC /* Main.storyboard */; };
/* End PBXBuildFile section */

/* Begin PBXFileReference section */
		8099D5522DB78CAA001624A7 /* MorphingAnimation.app */ = {isa = PBXFileReference; explicitFileType = wrapper.application; includeInIndex = 0; path = MorphingAnimation.app; sourceTree = BUILT_PRODUCTS_DIR; };
		B7E1B54C2DBB49770068FEFC /* CollectionGroupItem.swift */ = {isa = PBXFileReference; lastKnownFileType = sourcecode.swift; path = CollectionGroupItem.swift; sourceTree = "<group>"; };
		B7E1B54D2DBB49770068FEFC /* CollectionGroupItemView.swift */ = {isa = PBXFileReference; lastKnownFileType = sourcecode.swift; path = CollectionGroupItemView.swift; sourceTree = "<group>"; };
		B7E1B54E2DBB49770068FEFC /* CollectionGroupsSectionView.swift */ = {isa = PBXFileReference; lastKnownFileType = sourcecode.swift; path = CollectionGroupsSectionView.swift; sourceTree = "<group>"; };
		B7E1B5502DBB49770068FEFC /* ThirdCategoryItem.swift */ = {isa = PBXFileReference; lastKnownFileType = sourcecode.swift; path = ThirdCategoryItem.swift; sourceTree = "<group>"; };
		B7E1B5512DBB49770068FEFC /* ThirdCategoryItemView.swift */ = {isa = PBXFileReference; lastKnownFileType = sourcecode.swift; path = ThirdCategoryItemView.swift; sourceTree = "<group>"; };
		B7E1B5522DBB49770068FEFC /* AnimationRange.swift */ = {isa = PBXFileReference; lastKnownFileType = sourcecode.swift; path = AnimationRange.swift; sourceTree = "<group>"; };
		B7E1B5532DBB49770068FEFC /* ThirdCategorySectionView.swift */ = {isa = PBXFileReference; lastKnownFileType = sourcecode.swift; path = ThirdCategorySectionView.swift; sourceTree = "<group>"; };
		B7E1B5552DBB49770068FEFC /* CALayerExtension.swift */ = {isa = PBXFileReference; lastKnownFileType = sourcecode.swift; path = CALayerExtension.swift; sourceTree = "<group>"; };
		B7E1B5572DBB49770068FEFC /* AppDelegate.swift */ = {isa = PBXFileReference; lastKnownFileType = sourcecode.swift; path = AppDelegate.swift; sourceTree = "<group>"; };
		B7E1B5582DBB49770068FEFC /* Assets.xcassets */ = {isa = PBXFileReference; lastKnownFileType = folder.assetcatalog; path = Assets.xcassets; sourceTree = "<group>"; };
		B7E1B5592DBB49770068FEFC /* Info.plist */ = {isa = PBXFileReference; lastKnownFileType = text.plist.xml; path = Info.plist; sourceTree = "<group>"; };
		B7E1B55A2DBB49770068FEFC /* Base */ = {isa = PBXFileReference; lastKnownFileType = file.storyboard; name = Base; path = Base.lproj/LaunchScreen.storyboard; sourceTree = "<group>"; };
		B7E1B55C2DBB49770068FEFC /* Base */ = {isa = PBXFileReference; lastKnownFileType = file.storyboard; name = Base; path = Base.lproj/Main.storyboard; sourceTree = "<group>"; };
		B7E1B55E2DBB49770068FEFC /* SceneDelegate.swift */ = {isa = PBXFileReference; lastKnownFileType = sourcecode.swift; path = SceneDelegate.swift; sourceTree = "<group>"; };
		B7E1B55F2DBB49770068FEFC /* ViewController.swift */ = {isa = PBXFileReference; lastKnownFileType = sourcecode.swift; path = ViewController.swift; sourceTree = "<group>"; };
/* End PBXFileReference section */

/* Begin PBXFrameworksBuildPhase section */
		8099D54F2DB78CAA001624A7 /* Frameworks */ = {
			isa = PBXFrameworksBuildPhase;
			buildActionMask = 2147483647;
			files = (
			);
			runOnlyForDeploymentPostprocessing = 0;
		};
/* End PBXFrameworksBuildPhase section */

/* Begin PBXGroup section */
		8099D5492DB78CAA001624A7 = {
			isa = PBXGroup;
			children = (
				B7E1B5602DBB49770068FEFC /* MorphingAnimation */,
				8099D5532DB78CAA001624A7 /* Products */,
			);
			sourceTree = "<group>";
		};
		8099D5532DB78CAA001624A7 /* Products */ = {
			isa = PBXGroup;
			children = (
				8099D5522DB78CAA001624A7 /* MorphingAnimation.app */,
			);
			name = Products;
			sourceTree = "<group>";
		};
		B74CEFDB2DBB4E1E00D11DCB /* Main */ = {
			isa = PBXGroup;
			children = (
				B7E1B55D2DBB49770068FEFC /* Main.storyboard */,
				B7E1B55F2DBB49770068FEFC /* ViewController.swift */,
			);
			path = Main;
			sourceTree = "<group>";
		};
		B7E1B54F2DBB49770068FEFC /* CollectionGroup */ = {
			isa = PBXGroup;
			children = (
				B7E1B5732DBB49B20068FEFC /* View */,
				B7E1B5722DBB49AA0068FEFC /* Model */,
			);
			path = CollectionGroup;
			sourceTree = "<group>";
		};
		B7E1B5542DBB49770068FEFC /* ThirdCategory */ = {
			isa = PBXGroup;
			children = (
				B7E1B5742DBB49BA0068FEFC /* View */,
				B7E1B5752DBB49C80068FEFC /* Model */,
			);
			path = ThirdCategory;
			sourceTree = "<group>";
		};
		B7E1B5562DBB49770068FEFC /* Util */ = {
			isa = PBXGroup;
			children = (
				B7E1B5522DBB49770068FEFC /* AnimationRange.swift */,
				B7E1B5552DBB49770068FEFC /* CALayerExtension.swift */,
			);
			path = Util;
			sourceTree = "<group>";
		};
		B7E1B5602DBB49770068FEFC /* MorphingAnimation */ = {
			isa = PBXGroup;
			children = (
				B7E1B55B2DBB49770068FEFC /* LaunchScreen.storyboard */,
				B7E1B5572DBB49770068FEFC /* AppDelegate.swift */,
				B7E1B55E2DBB49770068FEFC /* SceneDelegate.swift */,
				B74CEFDB2DBB4E1E00D11DCB /* Main */,
				B7E1B54F2DBB49770068FEFC /* CollectionGroup */,
				B7E1B5542DBB49770068FEFC /* ThirdCategory */,
				B7E1B5562DBB49770068FEFC /* Util */,
				B7E1B5582DBB49770068FEFC /* Assets.xcassets */,
				B7E1B5592DBB49770068FEFC /* Info.plist */,
			);
			path = MorphingAnimation;
			sourceTree = "<group>";
		};
		B7E1B5722DBB49AA0068FEFC /* Model */ = {
			isa = PBXGroup;
			children = (
				B7E1B54C2DBB49770068FEFC /* CollectionGroupItem.swift */,
			);
			path = Model;
			sourceTree = "<group>";
		};
		B7E1B5732DBB49B20068FEFC /* View */ = {
			isa = PBXGroup;
			children = (
				B7E1B54E2DBB49770068FEFC /* CollectionGroupsSectionView.swift */,
				B7E1B54D2DBB49770068FEFC /* CollectionGroupItemView.swift */,
			);
			path = View;
			sourceTree = "<group>";
		};
		B7E1B5742DBB49BA0068FEFC /* View */ = {
			isa = PBXGroup;
			children = (
				B7E1B5532DBB49770068FEFC /* ThirdCategorySectionView.swift */,
				B7E1B5512DBB49770068FEFC /* ThirdCategoryItemView.swift */,
			);
			path = View;
			sourceTree = "<group>";
		};
		B7E1B5752DBB49C80068FEFC /* Model */ = {
			isa = PBXGroup;
			children = (
				B7E1B5502DBB49770068FEFC /* ThirdCategoryItem.swift */,
			);
			path = Model;
			sourceTree = "<group>";
		};
/* End PBXGroup section */

/* Begin PBXNativeTarget section */
		8099D5512DB78CAA001624A7 /* MorphingAnimation */ = {
			isa = PBXNativeTarget;
			buildConfigurationList = 8099D5652DB78CAB001624A7 /* Build configuration list for PBXNativeTarget "MorphingAnimation" */;
			buildPhases = (
				8099D54E2DB78CAA001624A7 /* Sources */,
				8099D54F2DB78CAA001624A7 /* Frameworks */,
				8099D5502DB78CAA001624A7 /* Resources */,
			);
			buildRules = (
			);
			dependencies = (
			);
			name = MorphingAnimation;
			packageProductDependencies = (
			);
			productName = MorphingAnimation;
			productReference = 8099D5522DB78CAA001624A7 /* MorphingAnimation.app */;
			productType = "com.apple.product-type.application";
		};
/* End PBXNativeTarget section */

/* Begin PBXProject section */
		8099D54A2DB78CAA001624A7 /* Project object */ = {
			isa = PBXProject;
			attributes = {
				BuildIndependentTargetsInParallel = 1;
				LastSwiftUpdateCheck = 1630;
				LastUpgradeCheck = 1630;
				TargetAttributes = {
					8099D5512DB78CAA001624A7 = {
						CreatedOnToolsVersion = 16.3;
					};
				};
			};
			buildConfigurationList = 8099D54D2DB78CAA001624A7 /* Build configuration list for PBXProject "MorphingAnimation" */;
			developmentRegion = en;
			hasScannedForEncodings = 0;
			knownRegions = (
				en,
				Base,
			);
			mainGroup = 8099D5492DB78CAA001624A7;
			minimizedProjectReferenceProxies = 1;
			preferredProjectObjectVersion = 77;
			productRefGroup = 8099D5532DB78CAA001624A7 /* Products */;
			projectDirPath = "";
			projectRoot = "";
			targets = (
				8099D5512DB78CAA001624A7 /* MorphingAnimation */,
			);
		};
/* End PBXProject section */

/* Begin PBXResourcesBuildPhase section */
		8099D5502DB78CAA001624A7 /* Resources */ = {
			isa = PBXResourcesBuildPhase;
			buildActionMask = 2147483647;
			files = (
				B7E1B56C2DBB49770068FEFC /* Assets.xcassets in Resources */,
				B7E1B56E2DBB49770068FEFC /* LaunchScreen.storyboard in Resources */,
				B7E1B56F2DBB49770068FEFC /* Main.storyboard in Resources */,
			);
			runOnlyForDeploymentPostprocessing = 0;
		};
/* End PBXResourcesBuildPhase section */

/* Begin PBXSourcesBuildPhase section */
		8099D54E2DB78CAA001624A7 /* Sources */ = {
			isa = PBXSourcesBuildPhase;
			buildActionMask = 2147483647;
			files = (
				B7E1B5612DBB49770068FEFC /* CollectionGroupItem.swift in Sources */,
				B7E1B5622DBB49770068FEFC /* CollectionGroupItemView.swift in Sources */,
				B7E1B5632DBB49770068FEFC /* CollectionGroupsSectionView.swift in Sources */,
				B7E1B5642DBB49770068FEFC /* ThirdCategoryItem.swift in Sources */,
				B7E1B5652DBB49770068FEFC /* ThirdCategoryItemView.swift in Sources */,
				B7E1B5662DBB49770068FEFC /* AnimationRange.swift in Sources */,
				B7E1B5672DBB49770068FEFC /* ThirdCategorySectionView.swift in Sources */,
				B7E1B5682DBB49770068FEFC /* CALayerExtension.swift in Sources */,
				B7E1B5692DBB49770068FEFC /* AppDelegate.swift in Sources */,
				B7E1B56A2DBB49770068FEFC /* SceneDelegate.swift in Sources */,
				B7E1B56B2DBB49770068FEFC /* ViewController.swift in Sources */,
			);
			runOnlyForDeploymentPostprocessing = 0;
		};
/* End PBXSourcesBuildPhase section */

/* Begin PBXVariantGroup section */
		B7E1B55B2DBB49770068FEFC /* LaunchScreen.storyboard */ = {
			isa = PBXVariantGroup;
			children = (
				B7E1B55A2DBB49770068FEFC /* Base */,
			);
			name = LaunchScreen.storyboard;
			sourceTree = "<group>";
		};
		B7E1B55D2DBB49770068FEFC /* Main.storyboard */ = {
			isa = PBXVariantGroup;
			children = (
				B7E1B55C2DBB49770068FEFC /* Base */,
			);
			name = Main.storyboard;
			sourceTree = "<group>";
		};
/* End PBXVariantGroup section */

/* Begin XCBuildConfiguration section */
		8099D5662DB78CAB001624A7 /* Debug */ = {
			isa = XCBuildConfiguration;
			buildSettings = {
				ASSETCATALOG_COMPILER_APPICON_NAME = AppIcon;
				ASSETCATALOG_COMPILER_GLOBAL_ACCENT_COLOR_NAME = AccentColor;
				CODE_SIGN_STYLE = Automatic;
				CURRENT_PROJECT_VERSION = 1;
				DEVELOPMENT_TEAM = 9DL55EF8D3;
				GENERATE_INFOPLIST_FILE = YES;
				INFOPLIST_FILE = MorphingAnimation/Info.plist;
				INFOPLIST_KEY_UIApplicationSupportsIndirectInputEvents = YES;
				INFOPLIST_KEY_UILaunchStoryboardName = LaunchScreen;
				INFOPLIST_KEY_UIMainStoryboardFile = Main;
				INFOPLIST_KEY_UISupportedInterfaceOrientations_iPad = "UIInterfaceOrientationPortrait UIInterfaceOrientationPortraitUpsideDown UIInterfaceOrientationLandscapeLeft UIInterfaceOrientationLandscapeRight";
				INFOPLIST_KEY_UISupportedInterfaceOrientations_iPhone = "UIInterfaceOrientationPortrait UIInterfaceOrientationLandscapeLeft UIInterfaceOrientationLandscapeRight";
				LD_RUNPATH_SEARCH_PATHS = (
					"$(inherited)",
					"@executable_path/Frameworks",
				);
				MARKETING_VERSION = 1.0;
				PRODUCT_BUNDLE_IDENTIFIER = com.kurly.MarketKurly1.MorphingAnimation;
				PRODUCT_NAME = "$(TARGET_NAME)";
				SWIFT_EMIT_LOC_STRINGS = YES;
				SWIFT_VERSION = 5.0;
				TARGETED_DEVICE_FAMILY = "1,2";
			};
			name = Debug;
		};
		8099D5672DB78CAB001624A7 /* Release */ = {
			isa = XCBuildConfiguration;
			buildSettings = {
				ASSETCATALOG_COMPILER_APPICON_NAME = AppIcon;
				ASSETCATALOG_COMPILER_GLOBAL_ACCENT_COLOR_NAME = AccentColor;
				CODE_SIGN_STYLE = Automatic;
				CURRENT_PROJECT_VERSION = 1;
				DEVELOPMENT_TEAM = 9DL55EF8D3;
				GENERATE_INFOPLIST_FILE = YES;
				INFOPLIST_FILE = MorphingAnimation/Info.plist;
				INFOPLIST_KEY_UIApplicationSupportsIndirectInputEvents = YES;
				INFOPLIST_KEY_UILaunchStoryboardName = LaunchScreen;
				INFOPLIST_KEY_UIMainStoryboardFile = Main;
				INFOPLIST_KEY_UISupportedInterfaceOrientations_iPad = "UIInterfaceOrientationPortrait UIInterfaceOrientationPortraitUpsideDown UIInterfaceOrientationLandscapeLeft UIInterfaceOrientationLandscapeRight";
				INFOPLIST_KEY_UISupportedInterfaceOrientations_iPhone = "UIInterfaceOrientationPortrait UIInterfaceOrientationLandscapeLeft UIInterfaceOrientationLandscapeRight";
				LD_RUNPATH_SEARCH_PATHS = (
					"$(inherited)",
					"@executable_path/Frameworks",
				);
				MARKETING_VERSION = 1.0;
				PRODUCT_BUNDLE_IDENTIFIER = com.kurly.MarketKurly1.MorphingAnimation;
				PRODUCT_NAME = "$(TARGET_NAME)";
				SWIFT_EMIT_LOC_STRINGS = YES;
				SWIFT_VERSION = 5.0;
				TARGETED_DEVICE_FAMILY = "1,2";
			};
			name = Release;
		};
		8099D5682DB78CAB001624A7 /* Debug */ = {
			isa = XCBuildConfiguration;
			buildSettings = {
				ALWAYS_SEARCH_USER_PATHS = NO;
				ASSETCATALOG_COMPILER_GENERATE_SWIFT_ASSET_SYMBOL_EXTENSIONS = YES;
				CLANG_ANALYZER_NONNULL = YES;
				CLANG_ANALYZER_NUMBER_OBJECT_CONVERSION = YES_AGGRESSIVE;
				CLANG_CXX_LANGUAGE_STANDARD = "gnu++20";
				CLANG_ENABLE_MODULES = YES;
				CLANG_ENABLE_OBJC_ARC = YES;
				CLANG_ENABLE_OBJC_WEAK = YES;
				CLANG_WARN_BLOCK_CAPTURE_AUTORELEASING = YES;
				CLANG_WARN_BOOL_CONVERSION = YES;
				CLANG_WARN_COMMA = YES;
				CLANG_WARN_CONSTANT_CONVERSION = YES;
				CLANG_WARN_DEPRECATED_OBJC_IMPLEMENTATIONS = YES;
				CLANG_WARN_DIRECT_OBJC_ISA_USAGE = YES_ERROR;
				CLANG_WARN_DOCUMENTATION_COMMENTS = YES;
				CLANG_WARN_EMPTY_BODY = YES;
				CLANG_WARN_ENUM_CONVERSION = YES;
				CLANG_WARN_INFINITE_RECURSION = YES;
				CLANG_WARN_INT_CONVERSION = YES;
				CLANG_WARN_NON_LITERAL_NULL_CONVERSION = YES;
				CLANG_WARN_OBJC_IMPLICIT_RETAIN_SELF = YES;
				CLANG_WARN_OBJC_LITERAL_CONVERSION = YES;
				CLANG_WARN_OBJC_ROOT_CLASS = YES_ERROR;
				CLANG_WARN_QUOTED_INCLUDE_IN_FRAMEWORK_HEADER = YES;
				CLANG_WARN_RANGE_LOOP_ANALYSIS = YES;
				CLANG_WARN_STRICT_PROTOTYPES = YES;
				CLANG_WARN_SUSPICIOUS_MOVE = YES;
				CLANG_WARN_UNGUARDED_AVAILABILITY = YES_AGGRESSIVE;
				CLANG_WARN_UNREACHABLE_CODE = YES;
				CLANG_WARN__DUPLICATE_METHOD_MATCH = YES;
				COPY_PHASE_STRIP = NO;
				DEBUG_INFORMATION_FORMAT = dwarf;
				DEVELOPMENT_TEAM = 9DL55EF8D3;
				ENABLE_STRICT_OBJC_MSGSEND = YES;
				ENABLE_TESTABILITY = YES;
				ENABLE_USER_SCRIPT_SANDBOXING = YES;
				GCC_C_LANGUAGE_STANDARD = gnu17;
				GCC_DYNAMIC_NO_PIC = NO;
				GCC_NO_COMMON_BLOCKS = YES;
				GCC_OPTIMIZATION_LEVEL = 0;
				GCC_PREPROCESSOR_DEFINITIONS = (
					"DEBUG=1",
					"$(inherited)",
				);
				GCC_WARN_64_TO_32_BIT_CONVERSION = YES;
				GCC_WARN_ABOUT_RETURN_TYPE = YES_ERROR;
				GCC_WARN_UNDECLARED_SELECTOR = YES;
				GCC_WARN_UNINITIALIZED_AUTOS = YES_AGGRESSIVE;
				GCC_WARN_UNUSED_FUNCTION = YES;
				GCC_WARN_UNUSED_VARIABLE = YES;
				IPHONEOS_DEPLOYMENT_TARGET = 18.4;
				LOCALIZATION_PREFERS_STRING_CATALOGS = YES;
				MTL_ENABLE_DEBUG_INFO = INCLUDE_SOURCE;
				MTL_FAST_MATH = YES;
				ONLY_ACTIVE_ARCH = YES;
				SDKROOT = iphoneos;
				SWIFT_ACTIVE_COMPILATION_CONDITIONS = "DEBUG $(inherited)";
				SWIFT_OPTIMIZATION_LEVEL = "-Onone";
			};
			name = Debug;
		};
		8099D5692DB78CAB001624A7 /* Release */ = {
			isa = XCBuildConfiguration;
			buildSettings = {
				ALWAYS_SEARCH_USER_PATHS = NO;
				ASSETCATALOG_COMPILER_GENERATE_SWIFT_ASSET_SYMBOL_EXTENSIONS = YES;
				CLANG_ANALYZER_NONNULL = YES;
				CLANG_ANALYZER_NUMBER_OBJECT_CONVERSION = YES_AGGRESSIVE;
				CLANG_CXX_LANGUAGE_STANDARD = "gnu++20";
				CLANG_ENABLE_MODULES = YES;
				CLANG_ENABLE_OBJC_ARC = YES;
				CLANG_ENABLE_OBJC_WEAK = YES;
				CLANG_WARN_BLOCK_CAPTURE_AUTORELEASING = YES;
				CLANG_WARN_BOOL_CONVERSION = YES;
				CLANG_WARN_COMMA = YES;
				CLANG_WARN_CONSTANT_CONVERSION = YES;
				CLANG_WARN_DEPRECATED_OBJC_IMPLEMENTATIONS = YES;
				CLANG_WARN_DIRECT_OBJC_ISA_USAGE = YES_ERROR;
				CLANG_WARN_DOCUMENTATION_COMMENTS = YES;
				CLANG_WARN_EMPTY_BODY = YES;
				CLANG_WARN_ENUM_CONVERSION = YES;
				CLANG_WARN_INFINITE_RECURSION = YES;
				CLANG_WARN_INT_CONVERSION = YES;
				CLANG_WARN_NON_LITERAL_NULL_CONVERSION = YES;
				CLANG_WARN_OBJC_IMPLICIT_RETAIN_SELF = YES;
				CLANG_WARN_OBJC_LITERAL_CONVERSION = YES;
				CLANG_WARN_OBJC_ROOT_CLASS = YES_ERROR;
				CLANG_WARN_QUOTED_INCLUDE_IN_FRAMEWORK_HEADER = YES;
				CLANG_WARN_RANGE_LOOP_ANALYSIS = YES;
				CLANG_WARN_STRICT_PROTOTYPES = YES;
				CLANG_WARN_SUSPICIOUS_MOVE = YES;
				CLANG_WARN_UNGUARDED_AVAILABILITY = YES_AGGRESSIVE;
				CLANG_WARN_UNREACHABLE_CODE = YES;
				CLANG_WARN__DUPLICATE_METHOD_MATCH = YES;
				COPY_PHASE_STRIP = NO;
				DEBUG_INFORMATION_FORMAT = "dwarf-with-dsym";
				DEVELOPMENT_TEAM = 9DL55EF8D3;
				ENABLE_NS_ASSERTIONS = NO;
				ENABLE_STRICT_OBJC_MSGSEND = YES;
				ENABLE_USER_SCRIPT_SANDBOXING = YES;
				GCC_C_LANGUAGE_STANDARD = gnu17;
				GCC_NO_COMMON_BLOCKS = YES;
				GCC_WARN_64_TO_32_BIT_CONVERSION = YES;
				GCC_WARN_ABOUT_RETURN_TYPE = YES_ERROR;
				GCC_WARN_UNDECLARED_SELECTOR = YES;
				GCC_WARN_UNINITIALIZED_AUTOS = YES_AGGRESSIVE;
				GCC_WARN_UNUSED_FUNCTION = YES;
				GCC_WARN_UNUSED_VARIABLE = YES;
				IPHONEOS_DEPLOYMENT_TARGET = 18.4;
				LOCALIZATION_PREFERS_STRING_CATALOGS = YES;
				MTL_ENABLE_DEBUG_INFO = NO;
				MTL_FAST_MATH = YES;
				SDKROOT = iphoneos;
				SWIFT_COMPILATION_MODE = wholemodule;
				VALIDATE_PRODUCT = YES;
			};
			name = Release;
		};
/* End XCBuildConfiguration section */

/* Begin XCConfigurationList section */
		8099D54D2DB78CAA001624A7 /* Build configuration list for PBXProject "MorphingAnimation" */ = {
			isa = XCConfigurationList;
			buildConfigurations = (
				8099D5682DB78CAB001624A7 /* Debug */,
				8099D5692DB78CAB001624A7 /* Release */,
			);
			defaultConfigurationIsVisible = 0;
			defaultConfigurationName = Release;
		};
		8099D5652DB78CAB001624A7 /* Build configuration list for PBXNativeTarget "MorphingAnimation" */ = {
			isa = XCConfigurationList;
			buildConfigurations = (
				8099D5662DB78CAB001624A7 /* Debug */,
				8099D5672DB78CAB001624A7 /* Release */,
			);
			defaultConfigurationIsVisible = 0;
			defaultConfigurationName = Release;
		};
/* End XCConfigurationList section */
	};
	rootObject = 8099D54A2DB78CAA001624A7 /* Project object */;
}
